
Microsoft Visual Studio Solution File, Format Version 12.00
# Visual Studio 15
VisualStudioVersion = 15.0.28010.2026
MinimumVisualStudioVersion = 10.0.40219.1
Project("{FAE04EC0-301F-11D3-BF4B-00C04F79EFBC}") = "ArrayManipulation", "ConsoleApp2\ArrayManipulation.csproj", "{EDC4D5A0-78BC-48BE-B477-388BF35E4F00}"
EndProject
Global
	GlobalSection(SolutionConfigurationPlatforms) = preSolution
		Debug|Any CPU = Debug|Any CPU
		Release|Any CPU = Release|Any CPU
	EndGlobalSection
	GlobalSection(ProjectConfigurationPlatforms) = postSolution
		{EDC4D5A0-78BC-48BE-B477-388BF35E4F00}.Debug|Any CPU.ActiveCfg = Debug|Any CPU
		{EDC4D5A0-78BC-48BE-B477-388BF35E4F00}.Debug|Any CPU.Build.0 = Debug|Any CPU
		{EDC4D5A0-78BC-48BE-B477-388BF35E4F00}.Release|Any CPU.ActiveCfg = Release|Any CPU
		{EDC4D5A0-78BC-48BE-B477-388BF35E4F00}.Release|Any CPU.Build.0 = Release|Any CPU
	EndGlobalSection
	GlobalSection(SolutionProperties) = preSolution
		HideSolutionNode = FALSE
	EndGlobalSection
	GlobalSection(ExtensibilityGlobals) = postSolution
		SolutionGuid = {AA7C0A58-F587-4BC4-AB8D-013659C77F9A}
	EndGlobalSection
EndGlobal
