
Microsoft Visual Studio Solution File, Format Version 12.00
# Visual Studio 15
VisualStudioVersion = 15.0.28010.2026
MinimumVisualStudioVersion = 10.0.40219.1
Project("{FAE04EC0-301F-11D3-BF4B-00C04F79EFBC}") = "Random", "Random\Random.csproj", "{D6E8513B-57ED-4A8F-9F52-33C75DCC99F6}"
EndProject
Global
	GlobalSection(SolutionConfigurationPlatforms) = preSolution
		Debug|Any CPU = Debug|Any CPU
		Release|Any CPU = Release|Any CPU
	EndGlobalSection
	GlobalSection(ProjectConfigurationPlatforms) = postSolution
		{D6E8513B-57ED-4A8F-9F52-33C75DCC99F6}.Debug|Any CPU.ActiveCfg = Debug|Any CPU
		{D6E8513B-57ED-4A8F-9F52-33C75DCC99F6}.Debug|Any CPU.Build.0 = Debug|Any CPU
		{D6E8513B-57ED-4A8F-9F52-33C75DCC99F6}.Release|Any CPU.ActiveCfg = Release|Any CPU
		{D6E8513B-57ED-4A8F-9F52-33C75DCC99F6}.Release|Any CPU.Build.0 = Release|Any CPU
	EndGlobalSection
	GlobalSection(SolutionProperties) = preSolution
		HideSolutionNode = FALSE
	EndGlobalSection
	GlobalSection(ExtensibilityGlobals) = postSolution
		SolutionGuid = {447E4247-13DA-4E52-8E7B-CDBEFC27574B}
	EndGlobalSection
EndGlobal
