
Microsoft Visual Studio Solution File, Format Version 12.00
# Visual Studio Version 16
VisualStudioVersion = 16.0.30320.27
MinimumVisualStudioVersion = 10.0.40219.1
Project("{FAE04EC0-301F-11D3-BF4B-00C04F79EFBC}") = "SonyaProb_WithoutLegend", "SonyaProb_WithoutLegend.csproj", "{C20DACD4-059F-4DB9-BF17-DD1321DE048E}"
EndProject
Global
	GlobalSection(SolutionConfigurationPlatforms) = preSolution
		Debug|Any CPU = Debug|Any CPU
		Release|Any CPU = Release|Any CPU
	EndGlobalSection
	GlobalSection(ProjectConfigurationPlatforms) = postSolution
		{C20DACD4-059F-4DB9-BF17-DD1321DE048E}.Debug|Any CPU.ActiveCfg = Debug|Any CPU
		{C20DACD4-059F-4DB9-BF17-DD1321DE048E}.Debug|Any CPU.Build.0 = Debug|Any CPU
		{C20DACD4-059F-4DB9-BF17-DD1321DE048E}.Release|Any CPU.ActiveCfg = Release|Any CPU
		{C20DACD4-059F-4DB9-BF17-DD1321DE048E}.Release|Any CPU.Build.0 = Release|Any CPU
	EndGlobalSection
	GlobalSection(SolutionProperties) = preSolution
		HideSolutionNode = FALSE
	EndGlobalSection
	GlobalSection(ExtensibilityGlobals) = postSolution
		SolutionGuid = {ADDA9784-53D1-40EB-8EB2-9A971402A50C}
	EndGlobalSection
EndGlobal
